// !$*UTF8*$!
{
	archiveVersion = 1;
	classes = {
	};
	objectVersion = 46;
	objects = {

/* Begin PBXBuildFile section */
		267161951C72FBB40041098F /* CalendarViewController.swift in Sources */ = {isa = PBXBuildFile; fileRef = 267161941C72FBB40041098F /* CalendarViewController.swift */; };
		267161971C72FBE20041098F /* MoreViewController.swift in Sources */ = {isa = PBXBuildFile; fileRef = 267161961C72FBE20041098F /* MoreViewController.swift */; };
		267161991C72FBF20041098F /* HomeworkViewController.swift in Sources */ = {isa = PBXBuildFile; fileRef = 267161981C72FBF20041098F /* HomeworkViewController.swift */; };
		2671619B1C72FC0D0041098F /* BellScheduleViewController.swift in Sources */ = {isa = PBXBuildFile; fileRef = 2671619A1C72FC0D0041098F /* BellScheduleViewController.swift */; };
		2671619D1C730AD10041098F /* rapids_white.png in Resources */ = {isa = PBXBuildFile; fileRef = 2671619C1C730AD10041098F /* rapids_white.png */; };
		2671619F1C73A3980041098F /* rapids_white_small.png in Resources */ = {isa = PBXBuildFile; fileRef = 2671619E1C73A3980041098F /* rapids_white_small.png */; };
		268C3B531C725248002A35EC /* Announcements.storyboard in Resources */ = {isa = PBXBuildFile; fileRef = 268C3B521C725248002A35EC /* Announcements.storyboard */; };
		268C3B551C725463002A35EC /* AnnouncementsViewController.swift in Sources */ = {isa = PBXBuildFile; fileRef = 268C3B541C725463002A35EC /* AnnouncementsViewController.swift */; };
		268C3B571C725585002A35EC /* Calendar.storyboard in Resources */ = {isa = PBXBuildFile; fileRef = 268C3B561C725585002A35EC /* Calendar.storyboard */; };
		268C3B591C725594002A35EC /* BellSchedule.storyboard in Resources */ = {isa = PBXBuildFile; fileRef = 268C3B581C725594002A35EC /* BellSchedule.storyboard */; };
		268C3B5B1C7255A1002A35EC /* Homework.storyboard in Resources */ = {isa = PBXBuildFile; fileRef = 268C3B5A1C7255A1002A35EC /* Homework.storyboard */; };
		268C3B5D1C7255AC002A35EC /* More.storyboard in Resources */ = {isa = PBXBuildFile; fileRef = 268C3B5C1C7255AC002A35EC /* More.storyboard */; };
		4F9D619A1C643C4400CA406F /* AppDelegate.swift in Sources */ = {isa = PBXBuildFile; fileRef = 4F9D61991C643C4400CA406F /* AppDelegate.swift */; };
		4F9D619C1C643C4400CA406F /* FirstViewController.swift in Sources */ = {isa = PBXBuildFile; fileRef = 4F9D619B1C643C4400CA406F /* FirstViewController.swift */; };
		4F9D619E1C643C4400CA406F /* SecondViewController.swift in Sources */ = {isa = PBXBuildFile; fileRef = 4F9D619D1C643C4400CA406F /* SecondViewController.swift */; };
		4F9D61A11C643C4500CA406F /* Main.storyboard in Resources */ = {isa = PBXBuildFile; fileRef = 4F9D619F1C643C4500CA406F /* Main.storyboard */; };
		4F9D61A31C643C4500CA406F /* Assets.xcassets in Resources */ = {isa = PBXBuildFile; fileRef = 4F9D61A21C643C4500CA406F /* Assets.xcassets */; };
		4F9D61A61C643C4500CA406F /* LaunchScreen.storyboard in Resources */ = {isa = PBXBuildFile; fileRef = 4F9D61A41C643C4500CA406F /* LaunchScreen.storyboard */; };
		4F9D61B11C643C4500CA406F /* RapidsTests.swift in Sources */ = {isa = PBXBuildFile; fileRef = 4F9D61B01C643C4500CA406F /* RapidsTests.swift */; };
/* End PBXBuildFile section */

/* Begin PBXContainerItemProxy section */
		4F9D61AD1C643C4500CA406F /* PBXContainerItemProxy */ = {
			isa = PBXContainerItemProxy;
			containerPortal = 4F9D618E1C643C4400CA406F /* Project object */;
			proxyType = 1;
			remoteGlobalIDString = 4F9D61951C643C4400CA406F;
			remoteInfo = Rapids;
		};
/* End PBXContainerItemProxy section */

/* Begin PBXFileReference section */
		267161941C72FBB40041098F /* CalendarViewController.swift */ = {isa = PBXFileReference; fileEncoding = 4; lastKnownFileType = sourcecode.swift; path = CalendarViewController.swift; sourceTree = "<group>"; };
		267161961C72FBE20041098F /* MoreViewController.swift */ = {isa = PBXFileReference; fileEncoding = 4; lastKnownFileType = sourcecode.swift; path = MoreViewController.swift; sourceTree = "<group>"; };
		267161981C72FBF20041098F /* HomeworkViewController.swift */ = {isa = PBXFileReference; fileEncoding = 4; lastKnownFileType = sourcecode.swift; path = HomeworkViewController.swift; sourceTree = "<group>"; };
		2671619A1C72FC0D0041098F /* BellScheduleViewController.swift */ = {isa = PBXFileReference; fileEncoding = 4; lastKnownFileType = sourcecode.swift; path = BellScheduleViewController.swift; sourceTree = "<group>"; };
		2671619C1C730AD10041098F /* rapids_white.png */ = {isa = PBXFileReference; lastKnownFileType = image.png; name = rapids_white.png; path = assets/rapids_white.png; sourceTree = SOURCE_ROOT; };
		2671619E1C73A3980041098F /* rapids_white_small.png */ = {isa = PBXFileReference; lastKnownFileType = image.png; name = rapids_white_small.png; path = assets/rapids_white_small.png; sourceTree = SOURCE_ROOT; };
		268C3B521C725248002A35EC /* Announcements.storyboard */ = {isa = PBXFileReference; fileEncoding = 4; lastKnownFileType = file.storyboard; name = Announcements.storyboard; path = ../Announcements.storyboard; sourceTree = "<group>"; };
		268C3B541C725463002A35EC /* AnnouncementsViewController.swift */ = {isa = PBXFileReference; fileEncoding = 4; lastKnownFileType = sourcecode.swift; path = AnnouncementsViewController.swift; sourceTree = "<group>"; };
		268C3B561C725585002A35EC /* Calendar.storyboard */ = {isa = PBXFileReference; fileEncoding = 4; lastKnownFileType = file.storyboard; name = Calendar.storyboard; path = ../Calendar.storyboard; sourceTree = "<group>"; };
		268C3B581C725594002A35EC /* BellSchedule.storyboard */ = {isa = PBXFileReference; fileEncoding = 4; lastKnownFileType = file.storyboard; name = BellSchedule.storyboard; path = ../BellSchedule.storyboard; sourceTree = "<group>"; };
		268C3B5A1C7255A1002A35EC /* Homework.storyboard */ = {isa = PBXFileReference; fileEncoding = 4; lastKnownFileType = file.storyboard; name = Homework.storyboard; path = ../Homework.storyboard; sourceTree = "<group>"; };
		268C3B5C1C7255AC002A35EC /* More.storyboard */ = {isa = PBXFileReference; fileEncoding = 4; lastKnownFileType = file.storyboard; name = More.storyboard; path = ../More.storyboard; sourceTree = "<group>"; };
		4F9D61961C643C4400CA406F /* Rapids.app */ = {isa = PBXFileReference; explicitFileType = wrapper.application; includeInIndex = 0; path = Rapids.app; sourceTree = BUILT_PRODUCTS_DIR; };
		4F9D61991C643C4400CA406F /* AppDelegate.swift */ = {isa = PBXFileReference; lastKnownFileType = sourcecode.swift; path = AppDelegate.swift; sourceTree = "<group>"; };
		4F9D619B1C643C4400CA406F /* FirstViewController.swift */ = {isa = PBXFileReference; lastKnownFileType = sourcecode.swift; path = FirstViewController.swift; sourceTree = "<group>"; };
		4F9D619D1C643C4400CA406F /* SecondViewController.swift */ = {isa = PBXFileReference; lastKnownFileType = sourcecode.swift; path = SecondViewController.swift; sourceTree = "<group>"; };
		4F9D61A01C643C4500CA406F /* Base */ = {isa = PBXFileReference; lastKnownFileType = file.storyboard; name = Base; path = Base.lproj/Main.storyboard; sourceTree = "<group>"; };
		4F9D61A21C643C4500CA406F /* Assets.xcassets */ = {isa = PBXFileReference; lastKnownFileType = folder.assetcatalog; path = Assets.xcassets; sourceTree = "<group>"; };
		4F9D61A51C643C4500CA406F /* Base */ = {isa = PBXFileReference; lastKnownFileType = file.storyboard; name = Base; path = Base.lproj/LaunchScreen.storyboard; sourceTree = "<group>"; };
		4F9D61A71C643C4500CA406F /* Info.plist */ = {isa = PBXFileReference; lastKnownFileType = text.plist.xml; path = Info.plist; sourceTree = "<group>"; };
		4F9D61AC1C643C4500CA406F /* RapidsTests.xctest */ = {isa = PBXFileReference; explicitFileType = wrapper.cfbundle; includeInIndex = 0; path = RapidsTests.xctest; sourceTree = BUILT_PRODUCTS_DIR; };
		4F9D61B01C643C4500CA406F /* RapidsTests.swift */ = {isa = PBXFileReference; lastKnownFileType = sourcecode.swift; path = RapidsTests.swift; sourceTree = "<group>"; };
		4F9D61B21C643C4500CA406F /* Info.plist */ = {isa = PBXFileReference; lastKnownFileType = text.plist.xml; path = Info.plist; sourceTree = "<group>"; };
/* End PBXFileReference section */

/* Begin PBXFrameworksBuildPhase section */
		4F9D61931C643C4400CA406F /* Frameworks */ = {
			isa = PBXFrameworksBuildPhase;
			buildActionMask = 2147483647;
			files = (
			);
			runOnlyForDeploymentPostprocessing = 0;
		};
		4F9D61A91C643C4500CA406F /* Frameworks */ = {
			isa = PBXFrameworksBuildPhase;
			buildActionMask = 2147483647;
			files = (
			);
			runOnlyForDeploymentPostprocessing = 0;
		};
/* End PBXFrameworksBuildPhase section */

/* Begin PBXGroup section */
		4F9D618D1C643C4400CA406F = {
			isa = PBXGroup;
			children = (
				4F9D61981C643C4400CA406F /* Rapids */,
				4F9D61AF1C643C4500CA406F /* RapidsTests */,
				4F9D61971C643C4400CA406F /* Products */,
			);
			sourceTree = "<group>";
		};
		4F9D61971C643C4400CA406F /* Products */ = {
			isa = PBXGroup;
			children = (
				4F9D61961C643C4400CA406F /* Rapids.app */,
				4F9D61AC1C643C4500CA406F /* RapidsTests.xctest */,
			);
			name = Products;
			sourceTree = "<group>";
		};
		4F9D61981C643C4400CA406F /* Rapids */ = {
			isa = PBXGroup;
			children = (
				268C3B5A1C7255A1002A35EC /* Homework.storyboard */,
				268C3B581C725594002A35EC /* BellSchedule.storyboard */,
				268C3B561C725585002A35EC /* Calendar.storyboard */,
				268C3B5C1C7255AC002A35EC /* More.storyboard */,
				268C3B521C725248002A35EC /* Announcements.storyboard */,
				4F9D619F1C643C4500CA406F /* Main.storyboard */,
				4F9D61991C643C4400CA406F /* AppDelegate.swift */,
				4F9D619B1C643C4400CA406F /* FirstViewController.swift */,
				4F9D619D1C643C4400CA406F /* SecondViewController.swift */,
				4F9D61A21C643C4500CA406F /* Assets.xcassets */,
				4F9D61A41C643C4500CA406F /* LaunchScreen.storyboard */,
				4F9D61A71C643C4500CA406F /* Info.plist */,
				268C3B541C725463002A35EC /* AnnouncementsViewController.swift */,
				267161941C72FBB40041098F /* CalendarViewController.swift */,
				267161961C72FBE20041098F /* MoreViewController.swift */,
				267161981C72FBF20041098F /* HomeworkViewController.swift */,
				2671619A1C72FC0D0041098F /* BellScheduleViewController.swift */,
				2671619C1C730AD10041098F /* rapids_white.png */,
				2671619E1C73A3980041098F /* rapids_white_small.png */,
			);
			path = Rapids;
			sourceTree = "<group>";
		};
		4F9D61AF1C643C4500CA406F /* RapidsTests */ = {
			isa = PBXGroup;
			children = (
				4F9D61B01C643C4500CA406F /* RapidsTests.swift */,
				4F9D61B21C643C4500CA406F /* Info.plist */,
			);
			path = RapidsTests;
			sourceTree = "<group>";
		};
/* End PBXGroup section */

/* Begin PBXNativeTarget section */
		4F9D61951C643C4400CA406F /* Rapids */ = {
			isa = PBXNativeTarget;
			buildConfigurationList = 4F9D61B51C643C4500CA406F /* Build configuration list for PBXNativeTarget "Rapids" */;
			buildPhases = (
				4F9D61921C643C4400CA406F /* Sources */,
				4F9D61931C643C4400CA406F /* Frameworks */,
				4F9D61941C643C4400CA406F /* Resources */,
			);
			buildRules = (
			);
			dependencies = (
			);
			name = Rapids;
			productName = Rapids;
			productReference = 4F9D61961C643C4400CA406F /* Rapids.app */;
			productType = "com.apple.product-type.application";
		};
		4F9D61AB1C643C4500CA406F /* RapidsTests */ = {
			isa = PBXNativeTarget;
			buildConfigurationList = 4F9D61B81C643C4500CA406F /* Build configuration list for PBXNativeTarget "RapidsTests" */;
			buildPhases = (
				4F9D61A81C643C4500CA406F /* Sources */,
				4F9D61A91C643C4500CA406F /* Frameworks */,
				4F9D61AA1C643C4500CA406F /* Resources */,
			);
			buildRules = (
			);
			dependencies = (
				4F9D61AE1C643C4500CA406F /* PBXTargetDependency */,
			);
			name = RapidsTests;
			productName = RapidsTests;
			productReference = 4F9D61AC1C643C4500CA406F /* RapidsTests.xctest */;
			productType = "com.apple.product-type.bundle.unit-test";
		};
/* End PBXNativeTarget section */

/* Begin PBXProject section */
		4F9D618E1C643C4400CA406F /* Project object */ = {
			isa = PBXProject;
			attributes = {
				LastSwiftUpdateCheck = 0720;
				LastUpgradeCheck = 0720;
				ORGANIZATIONNAME = "Riverside Secondary School";
				TargetAttributes = {
					4F9D61951C643C4400CA406F = {
						CreatedOnToolsVersion = 7.2;
						DevelopmentTeam = 67BPN62A68;
					};
					4F9D61AB1C643C4500CA406F = {
						CreatedOnToolsVersion = 7.2;
						TestTargetID = 4F9D61951C643C4400CA406F;
					};
				};
			};
			buildConfigurationList = 4F9D61911C643C4400CA406F /* Build configuration list for PBXProject "Rapids" */;
			compatibilityVersion = "Xcode 3.2";
			developmentRegion = English;
			hasScannedForEncodings = 0;
			knownRegions = (
				en,
				Base,
			);
			mainGroup = 4F9D618D1C643C4400CA406F;
			productRefGroup = 4F9D61971C643C4400CA406F /* Products */;
			projectDirPath = "";
			projectRoot = "";
			targets = (
				4F9D61951C643C4400CA406F /* Rapids */,
				4F9D61AB1C643C4500CA406F /* RapidsTests */,
			);
		};
/* End PBXProject section */

/* Begin PBXResourcesBuildPhase section */
		4F9D61941C643C4400CA406F /* Resources */ = {
			isa = PBXResourcesBuildPhase;
			buildActionMask = 2147483647;
			files = (
				4F9D61A61C643C4500CA406F /* LaunchScreen.storyboard in Resources */,
				268C3B5D1C7255AC002A35EC /* More.storyboard in Resources */,
				268C3B531C725248002A35EC /* Announcements.storyboard in Resources */,
				4F9D61A31C643C4500CA406F /* Assets.xcassets in Resources */,
				268C3B571C725585002A35EC /* Calendar.storyboard in Resources */,
				2671619D1C730AD10041098F /* rapids_white.png in Resources */,
				2671619F1C73A3980041098F /* rapids_white_small.png in Resources */,
				268C3B5B1C7255A1002A35EC /* Homework.storyboard in Resources */,
				268C3B591C725594002A35EC /* BellSchedule.storyboard in Resources */,
				4F9D61A11C643C4500CA406F /* Main.storyboard in Resources */,
			);
			runOnlyForDeploymentPostprocessing = 0;
		};
		4F9D61AA1C643C4500CA406F /* Resources */ = {
			isa = PBXResourcesBuildPhase;
			buildActionMask = 2147483647;
			files = (
			);
			runOnlyForDeploymentPostprocessing = 0;
		};
/* End PBXResourcesBuildPhase section */

/* Begin PBXSourcesBuildPhase section */
		4F9D61921C643C4400CA406F /* Sources */ = {
			isa = PBXSourcesBuildPhase;
			buildActionMask = 2147483647;
			files = (
				267161951C72FBB40041098F /* CalendarViewController.swift in Sources */,
				4F9D619E1C643C4400CA406F /* SecondViewController.swift in Sources */,
				267161991C72FBF20041098F /* HomeworkViewController.swift in Sources */,
				4F9D619A1C643C4400CA406F /* AppDelegate.swift in Sources */,
				2671619B1C72FC0D0041098F /* BellScheduleViewController.swift in Sources */,
				267161971C72FBE20041098F /* MoreViewController.swift in Sources */,
				4F9D619C1C643C4400CA406F /* FirstViewController.swift in Sources */,
				268C3B551C725463002A35EC /* AnnouncementsViewController.swift in Sources */,
			);
			runOnlyForDeploymentPostprocessing = 0;
		};
		4F9D61A81C643C4500CA406F /* Sources */ = {
			isa = PBXSourcesBuildPhase;
			buildActionMask = 2147483647;
			files = (
				4F9D61B11C643C4500CA406F /* RapidsTests.swift in Sources */,
			);
			runOnlyForDeploymentPostprocessing = 0;
		};
/* End PBXSourcesBuildPhase section */

/* Begin PBXTargetDependency section */
		4F9D61AE1C643C4500CA406F /* PBXTargetDependency */ = {
			isa = PBXTargetDependency;
			target = 4F9D61951C643C4400CA406F /* Rapids */;
			targetProxy = 4F9D61AD1C643C4500CA406F /* PBXContainerItemProxy */;
		};
/* End PBXTargetDependency section */

/* Begin PBXVariantGroup section */
		4F9D619F1C643C4500CA406F /* Main.storyboard */ = {
			isa = PBXVariantGroup;
			children = (
				4F9D61A01C643C4500CA406F /* Base */,
			);
			name = Main.storyboard;
			sourceTree = "<group>";
		};
		4F9D61A41C643C4500CA406F /* LaunchScreen.storyboard */ = {
			isa = PBXVariantGroup;
			children = (
				4F9D61A51C643C4500CA406F /* Base */,
			);
			name = LaunchScreen.storyboard;
			sourceTree = "<group>";
		};
/* End PBXVariantGroup section */

/* Begin XCBuildConfiguration section */
		4F9D61B31C643C4500CA406F /* Debug */ = {
			isa = XCBuildConfiguration;
			buildSettings = {
				ALWAYS_SEARCH_USER_PATHS = NO;
				CLANG_CXX_LANGUAGE_STANDARD = "gnu++0x";
				CLANG_CXX_LIBRARY = "libc++";
				CLANG_ENABLE_MODULES = YES;
				CLANG_ENABLE_OBJC_ARC = YES;
				CLANG_WARN_BOOL_CONVERSION = YES;
				CLANG_WARN_CONSTANT_CONVERSION = YES;
				CLANG_WARN_DIRECT_OBJC_ISA_USAGE = YES_ERROR;
				CLANG_WARN_EMPTY_BODY = YES;
				CLANG_WARN_ENUM_CONVERSION = YES;
				CLANG_WARN_INT_CONVERSION = YES;
				CLANG_WARN_OBJC_ROOT_CLASS = YES_ERROR;
				CLANG_WARN_UNREACHABLE_CODE = YES;
				CLANG_WARN__DUPLICATE_METHOD_MATCH = YES;
				"CODE_SIGN_IDENTITY[sdk=iphoneos*]" = "iPhone Developer";
				COPY_PHASE_STRIP = NO;
				DEBUG_INFORMATION_FORMAT = dwarf;
				ENABLE_STRICT_OBJC_MSGSEND = YES;
				ENABLE_TESTABILITY = YES;
				GCC_C_LANGUAGE_STANDARD = gnu99;
				GCC_DYNAMIC_NO_PIC = NO;
				GCC_NO_COMMON_BLOCKS = YES;
				GCC_OPTIMIZATION_LEVEL = 0;
				GCC_PREPROCESSOR_DEFINITIONS = (
					"DEBUG=1",
					"$(inherited)",
				);
				GCC_WARN_64_TO_32_BIT_CONVERSION = YES;
				GCC_WARN_ABOUT_RETURN_TYPE = YES_ERROR;
				GCC_WARN_UNDECLARED_SELECTOR = YES;
				GCC_WARN_UNINITIALIZED_AUTOS = YES_AGGRESSIVE;
				GCC_WARN_UNUSED_FUNCTION = YES;
				GCC_WARN_UNUSED_VARIABLE = YES;
				IPHONEOS_DEPLOYMENT_TARGET = 9.2;
				MTL_ENABLE_DEBUG_INFO = YES;
				ONLY_ACTIVE_ARCH = YES;
				SDKROOT = iphoneos;
				SWIFT_OPTIMIZATION_LEVEL = "-Onone";
				TARGETED_DEVICE_FAMILY = "1,2";
			};
			name = Debug;
		};
		4F9D61B41C643C4500CA406F /* Release */ = {
			isa = XCBuildConfiguration;
			buildSettings = {
				ALWAYS_SEARCH_USER_PATHS = NO;
				CLANG_CXX_LANGUAGE_STANDARD = "gnu++0x";
				CLANG_CXX_LIBRARY = "libc++";
				CLANG_ENABLE_MODULES = YES;
				CLANG_ENABLE_OBJC_ARC = YES;
				CLANG_WARN_BOOL_CONVERSION = YES;
				CLANG_WARN_CONSTANT_CONVERSION = YES;
				CLANG_WARN_DIRECT_OBJC_ISA_USAGE = YES_ERROR;
				CLANG_WARN_EMPTY_BODY = YES;
				CLANG_WARN_ENUM_CONVERSION = YES;
				CLANG_WARN_INT_CONVERSION = YES;
				CLANG_WARN_OBJC_ROOT_CLASS = YES_ERROR;
				CLANG_WARN_UNREACHABLE_CODE = YES;
				CLANG_WARN__DUPLICATE_METHOD_MATCH = YES;
				"CODE_SIGN_IDENTITY[sdk=iphoneos*]" = "iPhone Developer";
				COPY_PHASE_STRIP = NO;
				DEBUG_INFORMATION_FORMAT = "dwarf-with-dsym";
				ENABLE_NS_ASSERTIONS = NO;
				ENABLE_STRICT_OBJC_MSGSEND = YES;
				GCC_C_LANGUAGE_STANDARD = gnu99;
				GCC_NO_COMMON_BLOCKS = YES;
				GCC_WARN_64_TO_32_BIT_CONVERSION = YES;
				GCC_WARN_ABOUT_RETURN_TYPE = YES_ERROR;
				GCC_WARN_UNDECLARED_SELECTOR = YES;
				GCC_WARN_UNINITIALIZED_AUTOS = YES_AGGRESSIVE;
				GCC_WARN_UNUSED_FUNCTION = YES;
				GCC_WARN_UNUSED_VARIABLE = YES;
				IPHONEOS_DEPLOYMENT_TARGET = 9.2;
				MTL_ENABLE_DEBUG_INFO = NO;
				SDKROOT = iphoneos;
				TARGETED_DEVICE_FAMILY = "1,2";
				VALIDATE_PRODUCT = YES;
			};
			name = Release;
		};
		4F9D61B61C643C4500CA406F /* Debug */ = {
			isa = XCBuildConfiguration;
			buildSettings = {
				ASSETCATALOG_COMPILER_APPICON_NAME = AppIcon;
				CODE_SIGN_IDENTITY = "iPhone Developer";
				"CODE_SIGN_IDENTITY[sdk=iphoneos*]" = "iPhone Developer";
				INFOPLIST_FILE = Rapids/Info.plist;
				LD_RUNPATH_SEARCH_PATHS = "$(inherited) @executable_path/Frameworks";
				PRODUCT_BUNDLE_IDENTIFIER = ca.bc.sd43.riverside.Rapids;
				PRODUCT_NAME = "$(TARGET_NAME)";
				PROVISIONING_PROFILE = "";
			};
			name = Debug;
		};
		4F9D61B71C643C4500CA406F /* Release */ = {
			isa = XCBuildConfiguration;
			buildSettings = {
				ASSETCATALOG_COMPILER_APPICON_NAME = AppIcon;
				CODE_SIGN_IDENTITY = "iPhone Developer";
				"CODE_SIGN_IDENTITY[sdk=iphoneos*]" = "iPhone Developer";
				INFOPLIST_FILE = Rapids/Info.plist;
				LD_RUNPATH_SEARCH_PATHS = "$(inherited) @executable_path/Frameworks";
				PRODUCT_BUNDLE_IDENTIFIER = ca.bc.sd43.riverside.Rapids;
				PRODUCT_NAME = "$(TARGET_NAME)";
				PROVISIONING_PROFILE = "";
			};
			name = Release;
		};
		4F9D61B91C643C4500CA406F /* Debug */ = {
			isa = XCBuildConfiguration;
			buildSettings = {
				BUNDLE_LOADER = "$(TEST_HOST)";
				INFOPLIST_FILE = RapidsTests/Info.plist;
				LD_RUNPATH_SEARCH_PATHS = "$(inherited) @executable_path/Frameworks @loader_path/Frameworks";
				PRODUCT_BUNDLE_IDENTIFIER = ca.bc.sd43.riverside.RapidsTests;
				PRODUCT_NAME = "$(TARGET_NAME)";
				TEST_HOST = "$(BUILT_PRODUCTS_DIR)/Rapids.app/Rapids";
			};
			name = Debug;
		};
		4F9D61BA1C643C4500CA406F /* Release */ = {
			isa = XCBuildConfiguration;
			buildSettings = {
				BUNDLE_LOADER = "$(TEST_HOST)";
				INFOPLIST_FILE = RapidsTests/Info.plist;
				LD_RUNPATH_SEARCH_PATHS = "$(inherited) @executable_path/Frameworks @loader_path/Frameworks";
				PRODUCT_BUNDLE_IDENTIFIER = ca.bc.sd43.riverside.RapidsTests;
				PRODUCT_NAME = "$(TARGET_NAME)";
				TEST_HOST = "$(BUILT_PRODUCTS_DIR)/Rapids.app/Rapids";
			};
			name = Release;
		};
/* End XCBuildConfiguration section */

/* Begin XCConfigurationList section */
		4F9D61911C643C4400CA406F /* Build configuration list for PBXProject "Rapids" */ = {
			isa = XCConfigurationList;
			buildConfigurations = (
				4F9D61B31C643C4500CA406F /* Debug */,
				4F9D61B41C643C4500CA406F /* Release */,
			);
			defaultConfigurationIsVisible = 0;
			defaultConfigurationName = Release;
		};
		4F9D61B51C643C4500CA406F /* Build configuration list for PBXNativeTarget "Rapids" */ = {
			isa = XCConfigurationList;
			buildConfigurations = (
				4F9D61B61C643C4500CA406F /* Debug */,
				4F9D61B71C643C4500CA406F /* Release */,
			);
			defaultConfigurationIsVisible = 0;
			defaultConfigurationName = Release;
		};
		4F9D61B81C643C4500CA406F /* Build configuration list for PBXNativeTarget "RapidsTests" */ = {
			isa = XCConfigurationList;
			buildConfigurations = (
				4F9D61B91C643C4500CA406F /* Debug */,
				4F9D61BA1C643C4500CA406F /* Release */,
			);
			defaultConfigurationIsVisible = 0;
			defaultConfigurationName = Release;
		};
/* End XCConfigurationList section */
	};
	rootObject = 4F9D618E1C643C4400CA406F /* Project object */;
}
